
Microsoft Visual Studio Solution File, Format Version 12.00
# Visual Studio Version 17
VisualStudioVersion = 17.6.33815.320
MinimumVisualStudioVersion = 10.0.40219.1
Project("{FAE04EC0-301F-11D3-BF4B-00C04F79EFBC}") = "producer", "producer.csproj", "{9D736601-309B-48EB-B6AF-8ED5EE630186}"
EndProject
Global
	GlobalSection(SolutionConfigurationPlatforms) = preSolution
		Debug|Any CPU = Debug|Any CPU
		Release|Any CPU = Release|Any CPU
	EndGlobalSection
	GlobalSection(ProjectConfigurationPlatforms) = postSolution
		{9D736601-309B-48EB-B6AF-8ED5EE630186}.Debug|Any CPU.ActiveCfg = Debug|Any CPU
		{9D736601-309B-48EB-B6AF-8ED5EE630186}.Debug|Any CPU.Build.0 = Debug|Any CPU
		{9D736601-309B-48EB-B6AF-8ED5EE630186}.Release|Any CPU.ActiveCfg = Release|Any CPU
		{9D736601-309B-48EB-B6AF-8ED5EE630186}.Release|Any CPU.Build.0 = Release|Any CPU
	EndGlobalSection
	GlobalSection(SolutionProperties) = preSolution
		HideSolutionNode = FALSE
	EndGlobalSection
	GlobalSection(ExtensibilityGlobals) = postSolution
		SolutionGuid = {DB26A6B5-9024-4277-B508-669CE67DCBC7}
	EndGlobalSection
EndGlobal
